
Microsoft Visual Studio Solution File, Format Version 12.00
# Visual Studio 15
VisualStudioVersion = 15.0.28307.779
MinimumVisualStudioVersion = 10.0.40219.1
Project("{FAE04EC0-301F-11D3-BF4B-00C04F79EFBC}") = "MessageService", "MessageService\MessageService.csproj", "{DEE09AAF-0024-48CA-90D3-3AA49D44884C}"
EndProject
Project("{FAE04EC0-301F-11D3-BF4B-00C04F79EFBC}") = "Host", "Host\Host.csproj", "{CE82D38C-9E1E-4E25-8947-BC202E0CEAFF}"
EndProject
Global
	GlobalSection(SolutionConfigurationPlatforms) = preSolution
		Debug|Any CPU = Debug|Any CPU
		Release|Any CPU = Release|Any CPU
	EndGlobalSection
	GlobalSection(ProjectConfigurationPlatforms) = postSolution
		{DEE09AAF-0024-48CA-90D3-3AA49D44884C}.Debug|Any CPU.ActiveCfg = Debug|Any CPU
		{DEE09AAF-0024-48CA-90D3-3AA49D44884C}.Debug|Any CPU.Build.0 = Debug|Any CPU
		{DEE09AAF-0024-48CA-90D3-3AA49D44884C}.Release|Any CPU.ActiveCfg = Release|Any CPU
		{DEE09AAF-0024-48CA-90D3-3AA49D44884C}.Release|Any CPU.Build.0 = Release|Any CPU
		{CE82D38C-9E1E-4E25-8947-BC202E0CEAFF}.Debug|Any CPU.ActiveCfg = Debug|Any CPU
		{CE82D38C-9E1E-4E25-8947-BC202E0CEAFF}.Debug|Any CPU.Build.0 = Debug|Any CPU
		{CE82D38C-9E1E-4E25-8947-BC202E0CEAFF}.Release|Any CPU.ActiveCfg = Release|Any CPU
		{CE82D38C-9E1E-4E25-8947-BC202E0CEAFF}.Release|Any CPU.Build.0 = Release|Any CPU
	EndGlobalSection
	GlobalSection(SolutionProperties) = preSolution
		HideSolutionNode = FALSE
	EndGlobalSection
	GlobalSection(ExtensibilityGlobals) = postSolution
		SolutionGuid = {4AF5E3E6-F3B8-4F33-AF7E-1475D56D1FFB}
	EndGlobalSection
EndGlobal
